{
  "name": "opencode-slim-system@latest",
  "lockfileVersion": 3,
  "requires": true,
  "packages": {
    "": {
      "dependencies": {
        "opencode-slim-system": "2.1.7"
      }
    },
    "node_modules/opencode-slim-system": {
      "version": "2.1.7",
      "resolved": "https://registry.npmjs.org/opencode-slim-system/-/opencode-slim-system-2.1.7.tgz",
      "integrity": "sha512-yS1ifKAJ/wTYnOEbm0SsTJNLOF+Mmr0UCroc/S1yGojaWFDFiBLXz6ZRE2vbWCPJDsxw2v637rlTb4a5CjFwhA==",
      "license": "MIT",
      "engines": {
        "node": ">=18"
      },
      "peerDependencies": {
        "@opencode-ai/plugin": ">=1.0.0"
      },
      "peerDependenciesMeta": {
        "@opencode-ai/plugin": {
          "optional": true
        }
      }
    }
  }
}
